
Microsoft Visual Studio Solution File, Format Version 12.00
# Visual Studio Version 16
VisualStudioVersion = 16.0.30621.155
MinimumVisualStudioVersion = 10.0.40219.1
Project("{FAE04EC0-301F-11D3-BF4B-00C04F79EFBC}") = "Slot", "Slot.csproj", "{EFC2BB88-FD9B-4A73-BCC8-1BEB67DB076A}"
EndProject
Global
	GlobalSection(SolutionConfigurationPlatforms) = preSolution
		Debug|Any CPU = Debug|Any CPU
		Release|Any CPU = Release|Any CPU
	EndGlobalSection
	GlobalSection(ProjectConfigurationPlatforms) = postSolution
		{EFC2BB88-FD9B-4A73-BCC8-1BEB67DB076A}.Debug|Any CPU.ActiveCfg = Debug|Any CPU
		{EFC2BB88-FD9B-4A73-BCC8-1BEB67DB076A}.Debug|Any CPU.Build.0 = Debug|Any CPU
		{EFC2BB88-FD9B-4A73-BCC8-1BEB67DB076A}.Release|Any CPU.ActiveCfg = Release|Any CPU
		{EFC2BB88-FD9B-4A73-BCC8-1BEB67DB076A}.Release|Any CPU.Build.0 = Release|Any CPU
	EndGlobalSection
	GlobalSection(SolutionProperties) = preSolution
		HideSolutionNode = FALSE
	EndGlobalSection
	GlobalSection(ExtensibilityGlobals) = postSolution
		SolutionGuid = {7FDF3739-2277-4960-9E94-462CB52C6228}
	EndGlobalSection
EndGlobal
